
Microsoft Visual Studio Solution File, Format Version 12.00
# Visual Studio 2012
Project("{FAE04EC0-301F-11D3-BF4B-00C04F79EFBC}") = "ABookCaseOrbitalReferenceSystem", "ABookCaseOrbitalReferenceSystem.csproj", "{F6031F3E-CCAE-4B66-8A73-3C34958B6F44}"
EndProject
Global
	GlobalSection(SolutionConfigurationPlatforms) = preSolution
		Debug|Any CPU = Debug|Any CPU
		Release|Any CPU = Release|Any CPU
	EndGlobalSection
	GlobalSection(ProjectConfigurationPlatforms) = postSolution
		{F6031F3E-CCAE-4B66-8A73-3C34958B6F44}.Debug|Any CPU.ActiveCfg = Debug|Any CPU
		{F6031F3E-CCAE-4B66-8A73-3C34958B6F44}.Debug|Any CPU.Build.0 = Debug|Any CPU
		{F6031F3E-CCAE-4B66-8A73-3C34958B6F44}.Release|Any CPU.ActiveCfg = Release|Any CPU
		{F6031F3E-CCAE-4B66-8A73-3C34958B6F44}.Release|Any CPU.Build.0 = Release|Any CPU
	EndGlobalSection
EndGlobal
